
Microsoft Visual Studio Solution File, Format Version 12.00
# Visual Studio 15
VisualStudioVersion = 15.0.27703.2035
MinimumVisualStudioVersion = 10.0.40219.1
Project("{FAE04EC0-301F-11D3-BF4B-00C04F79EFBC}") = "GriddlerSolver", "GriddlerSolver\GriddlerSolver.csproj", "{404117B9-6951-48B7-940F-7C9C8AC6D6D9}"
EndProject
Project("{2150E333-8FDC-42A3-9474-1A3956D46DE8}") = "Solution Items", "Solution Items", "{11C5D1DC-1F65-455D-8BF0-34B4A5EAE4C9}"
	ProjectSection(SolutionItems) = preProject
		README.md = README.md
	EndProjectSection
EndProject
Global
	GlobalSection(SolutionConfigurationPlatforms) = preSolution
		Debug|Any CPU = Debug|Any CPU
		Release|Any CPU = Release|Any CPU
	EndGlobalSection
	GlobalSection(ProjectConfigurationPlatforms) = postSolution
		{404117B9-6951-48B7-940F-7C9C8AC6D6D9}.Debug|Any CPU.ActiveCfg = Debug|Any CPU
		{404117B9-6951-48B7-940F-7C9C8AC6D6D9}.Debug|Any CPU.Build.0 = Debug|Any CPU
		{404117B9-6951-48B7-940F-7C9C8AC6D6D9}.Release|Any CPU.ActiveCfg = Release|Any CPU
		{404117B9-6951-48B7-940F-7C9C8AC6D6D9}.Release|Any CPU.Build.0 = Release|Any CPU
	EndGlobalSection
	GlobalSection(SolutionProperties) = preSolution
		HideSolutionNode = FALSE
	EndGlobalSection
	GlobalSection(ExtensibilityGlobals) = postSolution
		SolutionGuid = {286C169A-257C-4F4F-870F-E646E7C413E9}
	EndGlobalSection
EndGlobal
